{
  "name": "op-website-credential-check",
  "lockfileVersion": 3,
  "requires": true,
  "packages": {
    "": {
      "name": "op-website-credential-check",
      "dependencies": {
        "@observer-protocol/policy-engine": "^1.0.0-rc.5"
      }
    },
    "node_modules/@observer-protocol/policy-engine": {
      "version": "1.0.0-rc.5",
      "resolved": "https://registry.npmjs.org/@observer-protocol/policy-engine/-/policy-engine-1.0.0-rc.5.tgz",
      "integrity": "sha512-IJNGTo+Jog5OUfjwSpKG39W34kC+kXbTJEm6q4IiNWKYrWup775gju0pijnaU2Pp6E6LtaeHoFWfjISI6q9fcw==",
      "license": "MIT",
      "engines": {
        "node": ">=18"
      }
    }
  }
}
