{
  "name": "op-website-credential-check",
  "lockfileVersion": 3,
  "requires": true,
  "packages": {
    "": {
      "name": "op-website-credential-check",
      "dependencies": {
        "@observer-protocol/policy-engine": "1.0.0-rc.12"
      }
    },
    "node_modules/@observer-protocol/policy-engine": {
      "version": "1.0.0-rc.12",
      "resolved": "https://registry.npmjs.org/@observer-protocol/policy-engine/-/policy-engine-1.0.0-rc.12.tgz",
      "integrity": "sha512-dm6lheerAZQESwmnGbfeKLoEkAsti9IZ9bzjRZLwnv2wSJpfT3Yfc9T0YRHBQngmQrIhB6JmyHmSpFe1vtUREQ==",
      "license": "MIT",
      "engines": {
        "node": ">=18"
      }
    }
  }
}
