{
  "name": "op-website-credential-check",
  "lockfileVersion": 3,
  "requires": true,
  "packages": {
    "": {
      "name": "op-website-credential-check",
      "dependencies": {
        "@observer-protocol/policy-engine": "1.0.0-rc.21"
      }
    },
    "node_modules/@observer-protocol/policy-engine": {
      "version": "1.0.0-rc.21",
      "resolved": "https://registry.npmjs.org/@observer-protocol/policy-engine/-/policy-engine-1.0.0-rc.21.tgz",
      "integrity": "sha512-OFFRtmDMs+DWW1pyAWWwRcoXHPPMp/8y48NZ0xyzDKjy310PqFb8S7NPGoW9H7gUWGAm2tEROE3fZq2Y2gOKbA==",
      "license": "MIT",
      "engines": {
        "node": ">=18"
      }
    }
  }
}
